{
    "_readme": [
        "This file locks the dependencies of your project to a known state",
        "Read more about it at https://getcomposer.org/doc/01-basic-usage.md#composer-lock-the-lock-file",
        "This file is @generated automatically"
    ],
    "content-hash": "0061c43d80dec16457af3457ca324c97",
    "packages": [
        {
            "name": "codeinwp/themeisle-sdk",
            "version": "dev-master",
            "source": {
                "type": "git",
                "url": "https://github.com/Codeinwp/themeisle-sdk.git",
                "reference": "6d4d73a6015ef3f805806ecdeec296e50ddda5f1"
            },
            "dist": {
                "type": "zip",
                "url": "https://api.github.com/repos/Codeinwp/themeisle-sdk/zipball/6d4d73a6015ef3f805806ecdeec296e50ddda5f1",
                "reference": "6d4d73a6015ef3f805806ecdeec296e50ddda5f1",
                "shasum": ""
            },
            "type": "library",
            "autoload": {
                "classmap": [
                    "class-themeisle-sdk-loader.php",
                    "class-themeisle-sdk-product.php",
                    "class-themeisle-sdk-logger.php",
                    "class-themeisle-sdk-licenser.php",
                    "class-themeisle-sdk-feedback-factory.php",
                    "class-themeisle-sdk-feedback.php",
                    "class-themeisle-sdk-feedback-deactivate.php",
                    "class-themeisle-sdk-feedback-review.php",
                    "class-themeisle-sdk-notification-manager.php",
                    "class-themeisle-sdk-widget.php",
                    "class-themeisle-sdk-widget-dashboard-blog.php",
                    "class-themeisle-sdk-widgets-factory.php"
                ]
            },
            "license": [
                "GPL-2.0+"
            ],
            "authors": [
                {
                    "name": "ThemeIsle team",
                    "email": "friends@themeisle.com",
                    "homepage": "https://themeisle.com"
                }
            ],
            "description": "ThemeIsle SDK ",
            "homepage": "https://github.com/Codeinwp/themeisle-sdk",
            "keywords": [
                "wordpress"
            ],
            "support": {
                "issues": "https://github.com/Codeinwp/themeisle-sdk/issues",
                "source": "https://github.com/Codeinwp/themeisle-sdk/tree/master"
            },
            "time": "2017-05-29 11:53:27"
        },
        {
            "name": "xrstf/composer-php52",
            "version": "v1.0.20",
            "source": {
                "type": "git",
                "url": "https://github.com/composer-php52/composer-php52.git",
                "reference": "bd41459d5e27df8d33057842b32377c39e97a5a8"
            },
            "dist": {
                "type": "zip",
                "url": "https://api.github.com/repos/composer-php52/composer-php52/zipball/bd41459d5e27df8d33057842b32377c39e97a5a8",
                "reference": "bd41459d5e27df8d33057842b32377c39e97a5a8",
                "shasum": ""
            },
            "type": "library",
            "extra": {
                "branch-alias": {
                    "dev-default": "1.x-dev"
                }
            },
            "autoload": {
                "psr-0": {
                    "xrstf\\Composer52": "lib/"
                }
            },
            "notification-url": "https://packagist.org/downloads/",
            "license": [
                "MIT"
            ],
            "time": "2016-04-16T21:52:24+00:00"
        }
    ],
    "packages-dev": [],
    "aliases": [],
    "minimum-stability": "dev",
    "stability-flags": [],
    "prefer-stable": true,
    "prefer-lowest": false,
    "platform": [],
    "platform-dev": []
}
